github.com/Nerzal/tinydom v0.0.4 h1:sYJVRGgbgk0ZEObi9/E0UhLqF4RqSGXF0pXML31bICs=
github.com/Nerzal/tinydom v0.0.4/go.mod h1:MAc+PXGYz4xCAjc8IoRafq4wFnjo9onJ3fujTsicMjA=
github.com/Nerzal/tinydom v0.0.5 h1:EAwRCa2xXDYnTK4ISalCPcK5QqRMbm19Xo09aqlRvvg=
github.com/Nerzal/tinydom v0.0.5/go.mod h1:MAc+PXGYz4xCAjc8IoRafq4wFnjo9onJ3fujTsicMjA=
github.com/Nerzal/tinydom v0.0.6 h1:S1AknHNh+80XoGN8iQJiY3Xnm6DHggWfhpAhrYUYZjw=
github.com/Nerzal/tinydom v0.0.6/go.mod h1:MAc+PXGYz4xCAjc8IoRafq4wFnjo9onJ3fujTsicMjA=
github.com/Nerzal/tinydom v0.0.7 h1:YEnhVXdjqnXK1RQoM/W84HlGpad3dHzyGRvcHZ1xbUo=
github.com/Nerzal/tinydom v0.0.7/go.mod h1:MAc+PXGYz4xCAjc8IoRafq4wFnjo9onJ3fujTsicMjA=
github.com/Nerzal/tinydom v0.0.8 h1:B5Pd5aqHQdP3EBWNK82aMWOaxrrwbsDAEGSW5dUAxMA=
github.com/Nerzal/tinydom v0.0.8/go.mod h1:MAc+PXGYz4xCAjc8IoRafq4wFnjo9onJ3fujTsicMjA=
github.com/Nerzal/tinydom v0.0.9 h1:gpsaO2jzemQC2K1eMCPSJ4w68BiYdhOO5paQbxcy+eo=
github.com/Nerzal/tinydom v0.0.9/go.mod h1:MAc+PXGYz4xCAjc8IoRafq4wFnjo9onJ3fujTsicMjA=
