github.com/Nerzal/tinydom v0.0.4 h1:sYJVRGgbgk0ZEObi9/E0UhLqF4RqSGXF0pXML31bICs=
github.com/Nerzal/tinydom v0.0.4/go.mod h1:MAc+PXGYz4xCAjc8IoRafq4wFnjo9onJ3fujTsicMjA=
github.com/Nerzal/tinydom v0.0.5 h1:EAwRCa2xXDYnTK4ISalCPcK5QqRMbm19Xo09aqlRvvg=
github.com/Nerzal/tinydom v0.0.5/go.mod h1:MAc+PXGYz4xCAjc8IoRafq4wFnjo9onJ3fujTsicMjA=
github.com/Nerzal/tinydom v0.0.6 h1:S1AknHNh+80XoGN8iQJiY3Xnm6DHggWfhpAhrYUYZjw=
github.com/Nerzal/tinydom v0.0.6/go.mod h1:MAc+PXGYz4xCAjc8IoRafq4wFnjo9onJ3fujTsicMjA=
github.com/Nerzal/tinydom v0.0.7 h1:YEnhVXdjqnXK1RQoM/W84HlGpad3dHzyGRvcHZ1xbUo=
github.com/Nerzal/tinydom v0.0.7/go.mod h1:MAc+PXGYz4xCAjc8IoRafq4wFnjo9onJ3fujTsicMjA=
github.com/Nerzal/tinydom v0.0.8 h1:B5Pd5aqHQdP3EBWNK82aMWOaxrrwbsDAEGSW5dUAxMA=
github.com/Nerzal/tinydom v0.0.8/go.mod h1:MAc+PXGYz4xCAjc8IoRafq4wFnjo9onJ3fujTsicMjA=
github.com/Nerzal/tinydom v0.0.9 h1:gpsaO2jzemQC2K1eMCPSJ4w68BiYdhOO5paQbxcy+eo=
github.com/Nerzal/tinydom v0.0.9/go.mod h1:MAc+PXGYz4xCAjc8IoRafq4wFnjo9onJ3fujTsicMjA=
github.com/Nerzal/tinydom v0.0.10 h1:RAu++Xn/03OostCaeLe7uloGiFQ6NitZNq09Ti9RNX4=
github.com/Nerzal/tinydom v0.0.10/go.mod h1:MAc+PXGYz4xCAjc8IoRafq4wFnjo9onJ3fujTsicMjA=
github.com/Nerzal/tinydom v0.0.11 h1:mscmCGYkCJWi/DK1St6ocn7VilazA8pns8c1twLxhp4=
github.com/Nerzal/tinydom v0.0.11/go.mod h1:MAc+PXGYz4xCAjc8IoRafq4wFnjo9onJ3fujTsicMjA=
github.com/Nerzal/tinydom v0.0.12 h1:XWGBujegYFOG3MlqC6AcSrH/WAoHCwpGY+dDcnMHjE8=
github.com/Nerzal/tinydom v0.0.12/go.mod h1:MAc+PXGYz4xCAjc8IoRafq4wFnjo9onJ3fujTsicMjA=
github.com/Nerzal/tinydom v0.0.13 h1:L6BAlMgbwQSGyNq2MgTuzb+SOIxpLv7zMEETcciR41s=
github.com/Nerzal/tinydom v0.0.13/go.mod h1:MAc+PXGYz4xCAjc8IoRafq4wFnjo9onJ3fujTsicMjA=
github.com/Nerzal/tinydom v0.0.14 h1:xIW5omOGC+UocfnK7x/zYk37Ev6Uv+EAaJUB6oFDdKU=
github.com/Nerzal/tinydom v0.0.14/go.mod h1:MAc+PXGYz4xCAjc8IoRafq4wFnjo9onJ3fujTsicMjA=
